PODS:
  - ObjectiveSugar (1.1.0)
  - ReactiveCocoa (2.5):
    - ReactiveCocoa/UI (= 2.5)
  - ReactiveCocoa/Core (2.5):
    - ReactiveCocoa/no-arc
  - ReactiveCocoa/no-arc (2.5)
  - ReactiveCocoa/UI (2.5):
    - ReactiveCocoa/Core

DEPENDENCIES:
  - ObjectiveSugar
  - ReactiveCocoa (~> 2.5)

SPEC CHECKSUMS:
  ObjectiveSugar: a6a25f23d657c19df0a0b972466d5b5ca9f5295c
  ReactiveCocoa: e2db045570aa97c695e7aa97c2bcab222ae51f4a

COCOAPODS: 0.39.0
